
Microsoft Visual Studio Solution File, Format Version 12.00
# Visual Studio Version 17
VisualStudioVersion = 17.11.35312.102
MinimumVisualStudioVersion = 10.0.40219.1
Project("{FAE04EC0-301F-11D3-BF4B-00C04F79EFBC}") = "Nullable, Struct, Enum, Indexer", "Nullable, Struct, Enum, Indexer\Nullable, Struct, Enum, Indexer.csproj", "{173C1E70-C23A-4633-8116-5AF0FCCA01F4}"
EndProject
Global
	GlobalSection(SolutionConfigurationPlatforms) = preSolution
		Debug|Any CPU = Debug|Any CPU
		Release|Any CPU = Release|Any CPU
	EndGlobalSection
	GlobalSection(ProjectConfigurationPlatforms) = postSolution
		{173C1E70-C23A-4633-8116-5AF0FCCA01F4}.Debug|Any CPU.ActiveCfg = Debug|Any CPU
		{173C1E70-C23A-4633-8116-5AF0FCCA01F4}.Debug|Any CPU.Build.0 = Debug|Any CPU
		{173C1E70-C23A-4633-8116-5AF0FCCA01F4}.Release|Any CPU.ActiveCfg = Release|Any CPU
		{173C1E70-C23A-4633-8116-5AF0FCCA01F4}.Release|Any CPU.Build.0 = Release|Any CPU
	EndGlobalSection
	GlobalSection(SolutionProperties) = preSolution
		HideSolutionNode = FALSE
	EndGlobalSection
	GlobalSection(ExtensibilityGlobals) = postSolution
		SolutionGuid = {D09F2568-A630-47C7-8CDD-A77C5E062FB9}
	EndGlobalSection
EndGlobal
